// !$*UTF8*$!
{
	archiveVersion = 1;
	classes = {
	};
	objectVersion = 46;
	objects = {

/* Begin PBXBuildFile section */
		1DB4BEC01AE7DB1500E81D81 /* AppDelegate.swift in Sources */ = {isa = PBXBuildFile; fileRef = 1DB4BEBF1AE7DB1500E81D81 /* AppDelegate.swift */; };
		1DB4BEC21AE7DB1500E81D81 /* ViewController.swift in Sources */ = {isa = PBXBuildFile; fileRef = 1DB4BEC11AE7DB1500E81D81 /* ViewController.swift */; };
		1DB4BEC51AE7DB1500E81D81 /* Main.storyboard in Resources */ = {isa = PBXBuildFile; fileRef = 1DB4BEC31AE7DB1500E81D81 /* Main.storyboard */; };
		1DB4BEC71AE7DB1500E81D81 /* Images.xcassets in Resources */ = {isa = PBXBuildFile; fileRef = 1DB4BEC61AE7DB1500E81D81 /* Images.xcassets */; };
		1DB4BECA1AE7DB1500E81D81 /* LaunchScreen.xib in Resources */ = {isa = PBXBuildFile; fileRef = 1DB4BEC81AE7DB1500E81D81 /* LaunchScreen.xib */; };
		1DB4BED61AE7DB1500E81D81 /* pm25testTests.swift in Sources */ = {isa = PBXBuildFile; fileRef = 1DB4BED51AE7DB1500E81D81 /* pm25testTests.swift */; };
		1DB4BEE81AE7DB2100E81D81 /* InterfaceController.swift in Sources */ = {isa = PBXBuildFile; fileRef = 1DB4BEE71AE7DB2100E81D81 /* InterfaceController.swift */; };
		1DB4BEEA1AE7DB2100E81D81 /* Images.xcassets in Resources */ = {isa = PBXBuildFile; fileRef = 1DB4BEE91AE7DB2100E81D81 /* Images.xcassets */; };
		1DB4BEEE1AE7DB2100E81D81 /* pm25test WatchKit App.app in Resources */ = {isa = PBXBuildFile; fileRef = 1DB4BEED1AE7DB2100E81D81 /* pm25test WatchKit App.app */; };
		1DB4BEF61AE7DB2100E81D81 /* Interface.storyboard in Resources */ = {isa = PBXBuildFile; fileRef = 1DB4BEF41AE7DB2100E81D81 /* Interface.storyboard */; };
		1DB4BEF81AE7DB2100E81D81 /* Images.xcassets in Resources */ = {isa = PBXBuildFile; fileRef = 1DB4BEF71AE7DB2100E81D81 /* Images.xcassets */; };
		1DB4BEFB1AE7DB2100E81D81 /* pm25test WatchKit Extension.appex in Embed App Extensions */ = {isa = PBXBuildFile; fileRef = 1DB4BEE31AE7DB2100E81D81 /* pm25test WatchKit Extension.appex */; settings = {ATTRIBUTES = (RemoveHeadersOnCopy, ); }; };
/* End PBXBuildFile section */

/* Begin PBXContainerItemProxy section */
		1DB4BED01AE7DB1500E81D81 /* PBXContainerItemProxy */ = {
			isa = PBXContainerItemProxy;
			containerPortal = 1DB4BEB21AE7DB1500E81D81 /* Project object */;
			proxyType = 1;
			remoteGlobalIDString = 1DB4BEB91AE7DB1500E81D81;
			remoteInfo = pm25test;
		};
		1DB4BEEF1AE7DB2100E81D81 /* PBXContainerItemProxy */ = {
			isa = PBXContainerItemProxy;
			containerPortal = 1DB4BEB21AE7DB1500E81D81 /* Project object */;
			proxyType = 1;
			remoteGlobalIDString = 1DB4BEEC1AE7DB2100E81D81;
			remoteInfo = "pm25test WatchKit App";
		};
		1DB4BEF91AE7DB2100E81D81 /* PBXContainerItemProxy */ = {
			isa = PBXContainerItemProxy;
			containerPortal = 1DB4BEB21AE7DB1500E81D81 /* Project object */;
			proxyType = 1;
			remoteGlobalIDString = 1DB4BEE21AE7DB2100E81D81;
			remoteInfo = "pm25test WatchKit Extension";
		};
/* End PBXContainerItemProxy section */

/* Begin PBXCopyFilesBuildPhase section */
		1DB4BF021AE7DB2100E81D81 /* Embed App Extensions */ = {
			isa = PBXCopyFilesBuildPhase;
			buildActionMask = 2147483647;
			dstPath = "";
			dstSubfolderSpec = 13;
			files = (
				1DB4BEFB1AE7DB2100E81D81 /* pm25test WatchKit Extension.appex in Embed App Extensions */,
			);
			name = "Embed App Extensions";
			runOnlyForDeploymentPostprocessing = 0;
		};
/* End PBXCopyFilesBuildPhase section */

/* Begin PBXFileReference section */
		1DB4BEBA1AE7DB1500E81D81 /* pm25test.app */ = {isa = PBXFileReference; explicitFileType = wrapper.application; includeInIndex = 0; path = pm25test.app; sourceTree = BUILT_PRODUCTS_DIR; };
		1DB4BEBE1AE7DB1500E81D81 /* Info.plist */ = {isa = PBXFileReference; lastKnownFileType = text.plist.xml; path = Info.plist; sourceTree = "<group>"; };
		1DB4BEBF1AE7DB1500E81D81 /* AppDelegate.swift */ = {isa = PBXFileReference; lastKnownFileType = sourcecode.swift; path = AppDelegate.swift; sourceTree = "<group>"; };
		1DB4BEC11AE7DB1500E81D81 /* ViewController.swift */ = {isa = PBXFileReference; lastKnownFileType = sourcecode.swift; path = ViewController.swift; sourceTree = "<group>"; };
		1DB4BEC41AE7DB1500E81D81 /* Base */ = {isa = PBXFileReference; lastKnownFileType = file.storyboard; name = Base; path = Base.lproj/Main.storyboard; sourceTree = "<group>"; };
		1DB4BEC61AE7DB1500E81D81 /* Images.xcassets */ = {isa = PBXFileReference; lastKnownFileType = folder.assetcatalog; path = Images.xcassets; sourceTree = "<group>"; };
		1DB4BEC91AE7DB1500E81D81 /* Base */ = {isa = PBXFileReference; lastKnownFileType = file.xib; name = Base; path = Base.lproj/LaunchScreen.xib; sourceTree = "<group>"; };
		1DB4BECF1AE7DB1500E81D81 /* pm25testTests.xctest */ = {isa = PBXFileReference; explicitFileType = wrapper.cfbundle; includeInIndex = 0; path = pm25testTests.xctest; sourceTree = BUILT_PRODUCTS_DIR; };
		1DB4BED41AE7DB1500E81D81 /* Info.plist */ = {isa = PBXFileReference; lastKnownFileType = text.plist.xml; path = Info.plist; sourceTree = "<group>"; };
		1DB4BED51AE7DB1500E81D81 /* pm25testTests.swift */ = {isa = PBXFileReference; lastKnownFileType = sourcecode.swift; path = pm25testTests.swift; sourceTree = "<group>"; };
		1DB4BEE31AE7DB2100E81D81 /* pm25test WatchKit Extension.appex */ = {isa = PBXFileReference; explicitFileType = "wrapper.app-extension"; includeInIndex = 0; path = "pm25test WatchKit Extension.appex"; sourceTree = BUILT_PRODUCTS_DIR; };
		1DB4BEE61AE7DB2100E81D81 /* Info.plist */ = {isa = PBXFileReference; lastKnownFileType = text.plist.xml; path = Info.plist; sourceTree = "<group>"; };
		1DB4BEE71AE7DB2100E81D81 /* InterfaceController.swift */ = {isa = PBXFileReference; lastKnownFileType = sourcecode.swift; path = InterfaceController.swift; sourceTree = "<group>"; };
		1DB4BEE91AE7DB2100E81D81 /* Images.xcassets */ = {isa = PBXFileReference; lastKnownFileType = folder.assetcatalog; path = Images.xcassets; sourceTree = "<group>"; };
		1DB4BEED1AE7DB2100E81D81 /* pm25test WatchKit App.app */ = {isa = PBXFileReference; explicitFileType = wrapper.application; includeInIndex = 0; path = "pm25test WatchKit App.app"; sourceTree = BUILT_PRODUCTS_DIR; };
		1DB4BEF31AE7DB2100E81D81 /* Info.plist */ = {isa = PBXFileReference; lastKnownFileType = text.plist.xml; path = Info.plist; sourceTree = "<group>"; };
		1DB4BEF51AE7DB2100E81D81 /* Base */ = {isa = PBXFileReference; lastKnownFileType = file.storyboard; name = Base; path = Base.lproj/Interface.storyboard; sourceTree = "<group>"; };
		1DB4BEF71AE7DB2100E81D81 /* Images.xcassets */ = {isa = PBXFileReference; lastKnownFileType = folder.assetcatalog; path = Images.xcassets; sourceTree = "<group>"; };
/* End PBXFileReference section */

/* Begin PBXFrameworksBuildPhase section */
		1DB4BEB71AE7DB1500E81D81 /* Frameworks */ = {
			isa = PBXFrameworksBuildPhase;
			buildActionMask = 2147483647;
			files = (
			);
			runOnlyForDeploymentPostprocessing = 0;
		};
		1DB4BECC1AE7DB1500E81D81 /* Frameworks */ = {
			isa = PBXFrameworksBuildPhase;
			buildActionMask = 2147483647;
			files = (
			);
			runOnlyForDeploymentPostprocessing = 0;
		};
		1DB4BEE01AE7DB2100E81D81 /* Frameworks */ = {
			isa = PBXFrameworksBuildPhase;
			buildActionMask = 2147483647;
			files = (
			);
			runOnlyForDeploymentPostprocessing = 0;
		};
/* End PBXFrameworksBuildPhase section */

/* Begin PBXGroup section */
		1DB4BEB11AE7DB1500E81D81 = {
			isa = PBXGroup;
			children = (
				1DB4BEBC1AE7DB1500E81D81 /* pm25test */,
				1DB4BED21AE7DB1500E81D81 /* pm25testTests */,
				1DB4BEE41AE7DB2100E81D81 /* pm25test WatchKit Extension */,
				1DB4BEF11AE7DB2100E81D81 /* pm25test WatchKit App */,
				1DB4BEBB1AE7DB1500E81D81 /* Products */,
			);
			sourceTree = "<group>";
		};
		1DB4BEBB1AE7DB1500E81D81 /* Products */ = {
			isa = PBXGroup;
			children = (
				1DB4BEBA1AE7DB1500E81D81 /* pm25test.app */,
				1DB4BECF1AE7DB1500E81D81 /* pm25testTests.xctest */,
				1DB4BEE31AE7DB2100E81D81 /* pm25test WatchKit Extension.appex */,
				1DB4BEED1AE7DB2100E81D81 /* pm25test WatchKit App.app */,
			);
			name = Products;
			sourceTree = "<group>";
		};
		1DB4BEBC1AE7DB1500E81D81 /* pm25test */ = {
			isa = PBXGroup;
			children = (
				1DB4BEBF1AE7DB1500E81D81 /* AppDelegate.swift */,
				1DB4BEC11AE7DB1500E81D81 /* ViewController.swift */,
				1DB4BEC31AE7DB1500E81D81 /* Main.storyboard */,
				1DB4BEC61AE7DB1500E81D81 /* Images.xcassets */,
				1DB4BEC81AE7DB1500E81D81 /* LaunchScreen.xib */,
				1DB4BEBD1AE7DB1500E81D81 /* Supporting Files */,
			);
			path = pm25test;
			sourceTree = "<group>";
		};
		1DB4BEBD1AE7DB1500E81D81 /* Supporting Files */ = {
			isa = PBXGroup;
			children = (
				1DB4BEBE1AE7DB1500E81D81 /* Info.plist */,
			);
			name = "Supporting Files";
			sourceTree = "<group>";
		};
		1DB4BED21AE7DB1500E81D81 /* pm25testTests */ = {
			isa = PBXGroup;
			children = (
				1DB4BED51AE7DB1500E81D81 /* pm25testTests.swift */,
				1DB4BED31AE7DB1500E81D81 /* Supporting Files */,
			);
			path = pm25testTests;
			sourceTree = "<group>";
		};
		1DB4BED31AE7DB1500E81D81 /* Supporting Files */ = {
			isa = PBXGroup;
			children = (
				1DB4BED41AE7DB1500E81D81 /* Info.plist */,
			);
			name = "Supporting Files";
			sourceTree = "<group>";
		};
		1DB4BEE41AE7DB2100E81D81 /* pm25test WatchKit Extension */ = {
			isa = PBXGroup;
			children = (
				1DB4BEE71AE7DB2100E81D81 /* InterfaceController.swift */,
				1DB4BEE91AE7DB2100E81D81 /* Images.xcassets */,
				1DB4BEE51AE7DB2100E81D81 /* Supporting Files */,
			);
			path = "pm25test WatchKit Extension";
			sourceTree = "<group>";
		};
		1DB4BEE51AE7DB2100E81D81 /* Supporting Files */ = {
			isa = PBXGroup;
			children = (
				1DB4BEE61AE7DB2100E81D81 /* Info.plist */,
			);
			name = "Supporting Files";
			sourceTree = "<group>";
		};
		1DB4BEF11AE7DB2100E81D81 /* pm25test WatchKit App */ = {
			isa = PBXGroup;
			children = (
				1DB4BEF41AE7DB2100E81D81 /* Interface.storyboard */,
				1DB4BEF71AE7DB2100E81D81 /* Images.xcassets */,
				1DB4BEF21AE7DB2100E81D81 /* Supporting Files */,
			);
			path = "pm25test WatchKit App";
			sourceTree = "<group>";
		};
		1DB4BEF21AE7DB2100E81D81 /* Supporting Files */ = {
			isa = PBXGroup;
			children = (
				1DB4BEF31AE7DB2100E81D81 /* Info.plist */,
			);
			name = "Supporting Files";
			sourceTree = "<group>";
		};
/* End PBXGroup section */

/* Begin PBXNativeTarget section */
		1DB4BEB91AE7DB1500E81D81 /* pm25test */ = {
			isa = PBXNativeTarget;
			buildConfigurationList = 1DB4BED91AE7DB1500E81D81 /* Build configuration list for PBXNativeTarget "pm25test" */;
			buildPhases = (
				1DB4BEB61AE7DB1500E81D81 /* Sources */,
				1DB4BEB71AE7DB1500E81D81 /* Frameworks */,
				1DB4BEB81AE7DB1500E81D81 /* Resources */,
				1DB4BF021AE7DB2100E81D81 /* Embed App Extensions */,
			);
			buildRules = (
			);
			dependencies = (
				1DB4BEFA1AE7DB2100E81D81 /* PBXTargetDependency */,
			);
			name = pm25test;
			productName = pm25test;
			productReference = 1DB4BEBA1AE7DB1500E81D81 /* pm25test.app */;
			productType = "com.apple.product-type.application";
		};
		1DB4BECE1AE7DB1500E81D81 /* pm25testTests */ = {
			isa = PBXNativeTarget;
			buildConfigurationList = 1DB4BEDC1AE7DB1500E81D81 /* Build configuration list for PBXNativeTarget "pm25testTests" */;
			buildPhases = (
				1DB4BECB1AE7DB1500E81D81 /* Sources */,
				1DB4BECC1AE7DB1500E81D81 /* Frameworks */,
				1DB4BECD1AE7DB1500E81D81 /* Resources */,
			);
			buildRules = (
			);
			dependencies = (
				1DB4BED11AE7DB1500E81D81 /* PBXTargetDependency */,
			);
			name = pm25testTests;
			productName = pm25testTests;
			productReference = 1DB4BECF1AE7DB1500E81D81 /* pm25testTests.xctest */;
			productType = "com.apple.product-type.bundle.unit-test";
		};
		1DB4BEE21AE7DB2100E81D81 /* pm25test WatchKit Extension */ = {
			isa = PBXNativeTarget;
			buildConfigurationList = 1DB4BEFF1AE7DB2100E81D81 /* Build configuration list for PBXNativeTarget "pm25test WatchKit Extension" */;
			buildPhases = (
				1DB4BEDF1AE7DB2100E81D81 /* Sources */,
				1DB4BEE01AE7DB2100E81D81 /* Frameworks */,
				1DB4BEE11AE7DB2100E81D81 /* Resources */,
			);
			buildRules = (
			);
			dependencies = (
				1DB4BEF01AE7DB2100E81D81 /* PBXTargetDependency */,
			);
			name = "pm25test WatchKit Extension";
			productName = "pm25test WatchKit Extension";
			productReference = 1DB4BEE31AE7DB2100E81D81 /* pm25test WatchKit Extension.appex */;
			productType = "com.apple.product-type.watchkit-extension";
		};
		1DB4BEEC1AE7DB2100E81D81 /* pm25test WatchKit App */ = {
			isa = PBXNativeTarget;
			buildConfigurationList = 1DB4BEFC1AE7DB2100E81D81 /* Build configuration list for PBXNativeTarget "pm25test WatchKit App" */;
			buildPhases = (
				1DB4BEEB1AE7DB2100E81D81 /* Resources */,
			);
			buildRules = (
			);
			dependencies = (
			);
			name = "pm25test WatchKit App";
			productName = "pm25test WatchKit App";
			productReference = 1DB4BEED1AE7DB2100E81D81 /* pm25test WatchKit App.app */;
			productType = "com.apple.product-type.application.watchapp";
		};
/* End PBXNativeTarget section */

/* Begin PBXProject section */
		1DB4BEB21AE7DB1500E81D81 /* Project object */ = {
			isa = PBXProject;
			attributes = {
				LastUpgradeCheck = 0630;
				ORGANIZATIONNAME = xiaobo;
				TargetAttributes = {
					1DB4BEB91AE7DB1500E81D81 = {
						CreatedOnToolsVersion = 6.3.1;
					};
					1DB4BECE1AE7DB1500E81D81 = {
						CreatedOnToolsVersion = 6.3.1;
						TestTargetID = 1DB4BEB91AE7DB1500E81D81;
					};
					1DB4BEE21AE7DB2100E81D81 = {
						CreatedOnToolsVersion = 6.3.1;
					};
					1DB4BEEC1AE7DB2100E81D81 = {
						CreatedOnToolsVersion = 6.3.1;
					};
				};
			};
			buildConfigurationList = 1DB4BEB51AE7DB1500E81D81 /* Build configuration list for PBXProject "pm25test" */;
			compatibilityVersion = "Xcode 3.2";
			developmentRegion = English;
			hasScannedForEncodings = 0;
			knownRegions = (
				en,
				Base,
			);
			mainGroup = 1DB4BEB11AE7DB1500E81D81;
			productRefGroup = 1DB4BEBB1AE7DB1500E81D81 /* Products */;
			projectDirPath = "";
			projectRoot = "";
			targets = (
				1DB4BEB91AE7DB1500E81D81 /* pm25test */,
				1DB4BECE1AE7DB1500E81D81 /* pm25testTests */,
				1DB4BEE21AE7DB2100E81D81 /* pm25test WatchKit Extension */,
				1DB4BEEC1AE7DB2100E81D81 /* pm25test WatchKit App */,
			);
		};
/* End PBXProject section */

/* Begin PBXResourcesBuildPhase section */
		1DB4BEB81AE7DB1500E81D81 /* Resources */ = {
			isa = PBXResourcesBuildPhase;
			buildActionMask = 2147483647;
			files = (
				1DB4BEC51AE7DB1500E81D81 /* Main.storyboard in Resources */,
				1DB4BECA1AE7DB1500E81D81 /* LaunchScreen.xib in Resources */,
				1DB4BEC71AE7DB1500E81D81 /* Images.xcassets in Resources */,
			);
			runOnlyForDeploymentPostprocessing = 0;
		};
		1DB4BECD1AE7DB1500E81D81 /* Resources */ = {
			isa = PBXResourcesBuildPhase;
			buildActionMask = 2147483647;
			files = (
			);
			runOnlyForDeploymentPostprocessing = 0;
		};
		1DB4BEE11AE7DB2100E81D81 /* Resources */ = {
			isa = PBXResourcesBuildPhase;
			buildActionMask = 2147483647;
			files = (
				1DB4BEEE1AE7DB2100E81D81 /* pm25test WatchKit App.app in Resources */,
				1DB4BEEA1AE7DB2100E81D81 /* Images.xcassets in Resources */,
			);
			runOnlyForDeploymentPostprocessing = 0;
		};
		1DB4BEEB1AE7DB2100E81D81 /* Resources */ = {
			isa = PBXResourcesBuildPhase;
			buildActionMask = 2147483647;
			files = (
				1DB4BEF61AE7DB2100E81D81 /* Interface.storyboard in Resources */,
				1DB4BEF81AE7DB2100E81D81 /* Images.xcassets in Resources */,
			);
			runOnlyForDeploymentPostprocessing = 0;
		};
/* End PBXResourcesBuildPhase section */

/* Begin PBXSourcesBuildPhase section */
		1DB4BEB61AE7DB1500E81D81 /* Sources */ = {
			isa = PBXSourcesBuildPhase;
			buildActionMask = 2147483647;
			files = (
				1DB4BEC21AE7DB1500E81D81 /* ViewController.swift in Sources */,
				1DB4BEC01AE7DB1500E81D81 /* AppDelegate.swift in Sources */,
			);
			runOnlyForDeploymentPostprocessing = 0;
		};
		1DB4BECB1AE7DB1500E81D81 /* Sources */ = {
			isa = PBXSourcesBuildPhase;
			buildActionMask = 2147483647;
			files = (
				1DB4BED61AE7DB1500E81D81 /* pm25testTests.swift in Sources */,
			);
			runOnlyForDeploymentPostprocessing = 0;
		};
		1DB4BEDF1AE7DB2100E81D81 /* Sources */ = {
			isa = PBXSourcesBuildPhase;
			buildActionMask = 2147483647;
			files = (
				1DB4BEE81AE7DB2100E81D81 /* InterfaceController.swift in Sources */,
			);
			runOnlyForDeploymentPostprocessing = 0;
		};
/* End PBXSourcesBuildPhase section */

/* Begin PBXTargetDependency section */
		1DB4BED11AE7DB1500E81D81 /* PBXTargetDependency */ = {
			isa = PBXTargetDependency;
			target = 1DB4BEB91AE7DB1500E81D81 /* pm25test */;
			targetProxy = 1DB4BED01AE7DB1500E81D81 /* PBXContainerItemProxy */;
		};
		1DB4BEF01AE7DB2100E81D81 /* PBXTargetDependency */ = {
			isa = PBXTargetDependency;
			target = 1DB4BEEC1AE7DB2100E81D81 /* pm25test WatchKit App */;
			targetProxy = 1DB4BEEF1AE7DB2100E81D81 /* PBXContainerItemProxy */;
		};
		1DB4BEFA1AE7DB2100E81D81 /* PBXTargetDependency */ = {
			isa = PBXTargetDependency;
			target = 1DB4BEE21AE7DB2100E81D81 /* pm25test WatchKit Extension */;
			targetProxy = 1DB4BEF91AE7DB2100E81D81 /* PBXContainerItemProxy */;
		};
/* End PBXTargetDependency section */

/* Begin PBXVariantGroup section */
		1DB4BEC31AE7DB1500E81D81 /* Main.storyboard */ = {
			isa = PBXVariantGroup;
			children = (
				1DB4BEC41AE7DB1500E81D81 /* Base */,
			);
			name = Main.storyboard;
			sourceTree = "<group>";
		};
		1DB4BEC81AE7DB1500E81D81 /* LaunchScreen.xib */ = {
			isa = PBXVariantGroup;
			children = (
				1DB4BEC91AE7DB1500E81D81 /* Base */,
			);
			name = LaunchScreen.xib;
			sourceTree = "<group>";
		};
		1DB4BEF41AE7DB2100E81D81 /* Interface.storyboard */ = {
			isa = PBXVariantGroup;
			children = (
				1DB4BEF51AE7DB2100E81D81 /* Base */,
			);
			name = Interface.storyboard;
			sourceTree = "<group>";
		};
/* End PBXVariantGroup section */

/* Begin XCBuildConfiguration section */
		1DB4BED71AE7DB1500E81D81 /* Debug */ = {
			isa = XCBuildConfiguration;
			buildSettings = {
				ALWAYS_SEARCH_USER_PATHS = NO;
				CLANG_CXX_LANGUAGE_STANDARD = "gnu++0x";
				CLANG_CXX_LIBRARY = "libc++";
				CLANG_ENABLE_MODULES = YES;
				CLANG_ENABLE_OBJC_ARC = YES;
				CLANG_WARN_BOOL_CONVERSION = YES;
				CLANG_WARN_CONSTANT_CONVERSION = YES;
				CLANG_WARN_DIRECT_OBJC_ISA_USAGE = YES_ERROR;
				CLANG_WARN_EMPTY_BODY = YES;
				CLANG_WARN_ENUM_CONVERSION = YES;
				CLANG_WARN_INT_CONVERSION = YES;
				CLANG_WARN_OBJC_ROOT_CLASS = YES_ERROR;
				CLANG_WARN_UNREACHABLE_CODE = YES;
				CLANG_WARN__DUPLICATE_METHOD_MATCH = YES;
				"CODE_SIGN_IDENTITY[sdk=iphoneos*]" = "iPhone Developer";
				COPY_PHASE_STRIP = NO;
				DEBUG_INFORMATION_FORMAT = "dwarf-with-dsym";
				ENABLE_STRICT_OBJC_MSGSEND = YES;
				GCC_C_LANGUAGE_STANDARD = gnu99;
				GCC_DYNAMIC_NO_PIC = NO;
				GCC_NO_COMMON_BLOCKS = YES;
				GCC_OPTIMIZATION_LEVEL = 0;
				GCC_PREPROCESSOR_DEFINITIONS = (
					"DEBUG=1",
					"$(inherited)",
				);
				GCC_SYMBOLS_PRIVATE_EXTERN = NO;
				GCC_WARN_64_TO_32_BIT_CONVERSION = YES;
				GCC_WARN_ABOUT_RETURN_TYPE = YES_ERROR;
				GCC_WARN_UNDECLARED_SELECTOR = YES;
				GCC_WARN_UNINITIALIZED_AUTOS = YES_AGGRESSIVE;
				GCC_WARN_UNUSED_FUNCTION = YES;
				GCC_WARN_UNUSED_VARIABLE = YES;
				IPHONEOS_DEPLOYMENT_TARGET = 8.3;
				MTL_ENABLE_DEBUG_INFO = YES;
				ONLY_ACTIVE_ARCH = YES;
				SDKROOT = iphoneos;
				SWIFT_OPTIMIZATION_LEVEL = "-Onone";
				TARGETED_DEVICE_FAMILY = "1,2";
			};
			name = Debug;
		};
		1DB4BED81AE7DB1500E81D81 /* Release */ = {
			isa = XCBuildConfiguration;
			buildSettings = {
				ALWAYS_SEARCH_USER_PATHS = NO;
				CLANG_CXX_LANGUAGE_STANDARD = "gnu++0x";
				CLANG_CXX_LIBRARY = "libc++";
				CLANG_ENABLE_MODULES = YES;
				CLANG_ENABLE_OBJC_ARC = YES;
				CLANG_WARN_BOOL_CONVERSION = YES;
				CLANG_WARN_CONSTANT_CONVERSION = YES;
				CLANG_WARN_DIRECT_OBJC_ISA_USAGE = YES_ERROR;
				CLANG_WARN_EMPTY_BODY = YES;
				CLANG_WARN_ENUM_CONVERSION = YES;
				CLANG_WARN_INT_CONVERSION = YES;
				CLANG_WARN_OBJC_ROOT_CLASS = YES_ERROR;
				CLANG_WARN_UNREACHABLE_CODE = YES;
				CLANG_WARN__DUPLICATE_METHOD_MATCH = YES;
				"CODE_SIGN_IDENTITY[sdk=iphoneos*]" = "iPhone Developer";
				COPY_PHASE_STRIP = NO;
				DEBUG_INFORMATION_FORMAT = "dwarf-with-dsym";
				ENABLE_NS_ASSERTIONS = NO;
				ENABLE_STRICT_OBJC_MSGSEND = YES;
				GCC_C_LANGUAGE_STANDARD = gnu99;
				GCC_NO_COMMON_BLOCKS = YES;
				GCC_WARN_64_TO_32_BIT_CONVERSION = YES;
				GCC_WARN_ABOUT_RETURN_TYPE = YES_ERROR;
				GCC_WARN_UNDECLARED_SELECTOR = YES;
				GCC_WARN_UNINITIALIZED_AUTOS = YES_AGGRESSIVE;
				GCC_WARN_UNUSED_FUNCTION = YES;
				GCC_WARN_UNUSED_VARIABLE = YES;
				IPHONEOS_DEPLOYMENT_TARGET = 8.3;
				MTL_ENABLE_DEBUG_INFO = NO;
				SDKROOT = iphoneos;
				TARGETED_DEVICE_FAMILY = "1,2";
				VALIDATE_PRODUCT = YES;
			};
			name = Release;
		};
		1DB4BEDA1AE7DB1500E81D81 /* Debug */ = {
			isa = XCBuildConfiguration;
			buildSettings = {
				ASSETCATALOG_COMPILER_APPICON_NAME = AppIcon;
				INFOPLIST_FILE = pm25test/Info.plist;
				LD_RUNPATH_SEARCH_PATHS = "$(inherited) @executable_path/Frameworks";
				PRODUCT_NAME = "$(TARGET_NAME)";
			};
			name = Debug;
		};
		1DB4BEDB1AE7DB1500E81D81 /* Release */ = {
			isa = XCBuildConfiguration;
			buildSettings = {
				ASSETCATALOG_COMPILER_APPICON_NAME = AppIcon;
				INFOPLIST_FILE = pm25test/Info.plist;
				LD_RUNPATH_SEARCH_PATHS = "$(inherited) @executable_path/Frameworks";
				PRODUCT_NAME = "$(TARGET_NAME)";
			};
			name = Release;
		};
		1DB4BEDD1AE7DB1500E81D81 /* Debug */ = {
			isa = XCBuildConfiguration;
			buildSettings = {
				BUNDLE_LOADER = "$(TEST_HOST)";
				FRAMEWORK_SEARCH_PATHS = (
					"$(SDKROOT)/Developer/Library/Frameworks",
					"$(inherited)",
				);
				GCC_PREPROCESSOR_DEFINITIONS = (
					"DEBUG=1",
					"$(inherited)",
				);
				INFOPLIST_FILE = pm25testTests/Info.plist;
				LD_RUNPATH_SEARCH_PATHS = "$(inherited) @executable_path/Frameworks @loader_path/Frameworks";
				PRODUCT_NAME = "$(TARGET_NAME)";
				TEST_HOST = "$(BUILT_PRODUCTS_DIR)/pm25test.app/pm25test";
			};
			name = Debug;
		};
		1DB4BEDE1AE7DB1500E81D81 /* Release */ = {
			isa = XCBuildConfiguration;
			buildSettings = {
				BUNDLE_LOADER = "$(TEST_HOST)";
				FRAMEWORK_SEARCH_PATHS = (
					"$(SDKROOT)/Developer/Library/Frameworks",
					"$(inherited)",
				);
				INFOPLIST_FILE = pm25testTests/Info.plist;
				LD_RUNPATH_SEARCH_PATHS = "$(inherited) @executable_path/Frameworks @loader_path/Frameworks";
				PRODUCT_NAME = "$(TARGET_NAME)";
				TEST_HOST = "$(BUILT_PRODUCTS_DIR)/pm25test.app/pm25test";
			};
			name = Release;
		};
		1DB4BEFD1AE7DB2100E81D81 /* Debug */ = {
			isa = XCBuildConfiguration;
			buildSettings = {
				ASSETCATALOG_COMPILER_APPICON_NAME = AppIcon;
				GCC_PREPROCESSOR_DEFINITIONS = (
					"DEBUG=1",
					"$(inherited)",
				);
				IBSC_MODULE = pm25test_WatchKit_Extension;
				INFOPLIST_FILE = "pm25test WatchKit App/Info.plist";
				IPHONEOS_DEPLOYMENT_TARGET = 8.2;
				PRODUCT_NAME = "$(TARGET_NAME)";
				SKIP_INSTALL = YES;
				TARGETED_DEVICE_FAMILY = 4;
				"TARGETED_DEVICE_FAMILY[sdk=iphonesimulator*]" = "1,4";
			};
			name = Debug;
		};
		1DB4BEFE1AE7DB2100E81D81 /* Release */ = {
			isa = XCBuildConfiguration;
			buildSettings = {
				ASSETCATALOG_COMPILER_APPICON_NAME = AppIcon;
				IBSC_MODULE = pm25test_WatchKit_Extension;
				INFOPLIST_FILE = "pm25test WatchKit App/Info.plist";
				IPHONEOS_DEPLOYMENT_TARGET = 8.2;
				PRODUCT_NAME = "$(TARGET_NAME)";
				SKIP_INSTALL = YES;
				TARGETED_DEVICE_FAMILY = 4;
				"TARGETED_DEVICE_FAMILY[sdk=iphonesimulator*]" = "1,4";
			};
			name = Release;
		};
		1DB4BF001AE7DB2100E81D81 /* Debug */ = {
			isa = XCBuildConfiguration;
			buildSettings = {
				GCC_PREPROCESSOR_DEFINITIONS = (
					"DEBUG=1",
					"$(inherited)",
				);
				INFOPLIST_FILE = "pm25test WatchKit Extension/Info.plist";
				LD_RUNPATH_SEARCH_PATHS = "$(inherited) @executable_path/Frameworks @executable_path/../../Frameworks";
				PRODUCT_NAME = "${TARGET_NAME}";
				SKIP_INSTALL = YES;
			};
			name = Debug;
		};
		1DB4BF011AE7DB2100E81D81 /* Release */ = {
			isa = XCBuildConfiguration;
			buildSettings = {
				INFOPLIST_FILE = "pm25test WatchKit Extension/Info.plist";
				LD_RUNPATH_SEARCH_PATHS = "$(inherited) @executable_path/Frameworks @executable_path/../../Frameworks";
				PRODUCT_NAME = "${TARGET_NAME}";
				SKIP_INSTALL = YES;
			};
			name = Release;
		};
/* End XCBuildConfiguration section */

/* Begin XCConfigurationList section */
		1DB4BEB51AE7DB1500E81D81 /* Build configuration list for PBXProject "pm25test" */ = {
			isa = XCConfigurationList;
			buildConfigurations = (
				1DB4BED71AE7DB1500E81D81 /* Debug */,
				1DB4BED81AE7DB1500E81D81 /* Release */,
			);
			defaultConfigurationIsVisible = 0;
			defaultConfigurationName = Release;
		};
		1DB4BED91AE7DB1500E81D81 /* Build configuration list for PBXNativeTarget "pm25test" */ = {
			isa = XCConfigurationList;
			buildConfigurations = (
				1DB4BEDA1AE7DB1500E81D81 /* Debug */,
				1DB4BEDB1AE7DB1500E81D81 /* Release */,
			);
			defaultConfigurationIsVisible = 0;
		};
		1DB4BEDC1AE7DB1500E81D81 /* Build configuration list for PBXNativeTarget "pm25testTests" */ = {
			isa = XCConfigurationList;
			buildConfigurations = (
				1DB4BEDD1AE7DB1500E81D81 /* Debug */,
				1DB4BEDE1AE7DB1500E81D81 /* Release */,
			);
			defaultConfigurationIsVisible = 0;
		};
		1DB4BEFC1AE7DB2100E81D81 /* Build configuration list for PBXNativeTarget "pm25test WatchKit App" */ = {
			isa = XCConfigurationList;
			buildConfigurations = (
				1DB4BEFD1AE7DB2100E81D81 /* Debug */,
				1DB4BEFE1AE7DB2100E81D81 /* Release */,
			);
			defaultConfigurationIsVisible = 0;
		};
		1DB4BEFF1AE7DB2100E81D81 /* Build configuration list for PBXNativeTarget "pm25test WatchKit Extension" */ = {
			isa = XCConfigurationList;
			buildConfigurations = (
				1DB4BF001AE7DB2100E81D81 /* Debug */,
				1DB4BF011AE7DB2100E81D81 /* Release */,
			);
			defaultConfigurationIsVisible = 0;
		};
/* End XCConfigurationList section */
	};
	rootObject = 1DB4BEB21AE7DB1500E81D81 /* Project object */;
}
